// !$*UTF8*$!
{
	archiveVersion = 1;
	classes = {
	};
	objectVersion = 51;
	objects = {

/* Begin PBXBuildFile section */
		0B0C0AB304EBF591D0396A8C /* Pods_My_Notepad.framework in Frameworks */ = {isa = PBXBuildFile; fileRef = CEDDA45386E9A580936EB47D /* Pods_My_Notepad.framework */; };
		5654769622E9B99D00AD1092 /* AppDelegate.swift in Sources */ = {isa = PBXBuildFile; fileRef = 5654769522E9B99D00AD1092 /* AppDelegate.swift */; };
		5654769B22E9B99D00AD1092 /* Main.storyboard in Resources */ = {isa = PBXBuildFile; fileRef = 5654769922E9B99D00AD1092 /* Main.storyboard */; };
		565476A022E9B99E00AD1092 /* Assets.xcassets in Resources */ = {isa = PBXBuildFile; fileRef = 5654769F22E9B99E00AD1092 /* Assets.xcassets */; };
		565476A322E9B99E00AD1092 /* LaunchScreen.storyboard in Resources */ = {isa = PBXBuildFile; fileRef = 565476A122E9B99E00AD1092 /* LaunchScreen.storyboard */; };
		565476AF22E9C42A00AD1092 /* FolderViewController.swift in Sources */ = {isa = PBXBuildFile; fileRef = 565476AE22E9C42A00AD1092 /* FolderViewController.swift */; };
		565476B122E9C59100AD1092 /* NotesViewController.swift in Sources */ = {isa = PBXBuildFile; fileRef = 565476B022E9C59100AD1092 /* NotesViewController.swift */; };
		569B4A6F22F1AB2700FF6454 /* Note.swift in Sources */ = {isa = PBXBuildFile; fileRef = 569B4A6E22F1AB2700FF6454 /* Note.swift */; };
		569B4A7322F1AB6600FF6454 /* Folder.swift in Sources */ = {isa = PBXBuildFile; fileRef = 569B4A7222F1AB6600FF6454 /* Folder.swift */; };
/* End PBXBuildFile section */

/* Begin PBXFileReference section */
		1C6FCCBBCA31B54C00D95B3F /* Pods-My Notepad.release.xcconfig */ = {isa = PBXFileReference; includeInIndex = 1; lastKnownFileType = text.xcconfig; name = "Pods-My Notepad.release.xcconfig"; path = "Target Support Files/Pods-My Notepad/Pods-My Notepad.release.xcconfig"; sourceTree = "<group>"; };
		5654769222E9B99D00AD1092 /* My Notepad.app */ = {isa = PBXFileReference; explicitFileType = wrapper.application; includeInIndex = 0; path = "My Notepad.app"; sourceTree = BUILT_PRODUCTS_DIR; };
		5654769522E9B99D00AD1092 /* AppDelegate.swift */ = {isa = PBXFileReference; lastKnownFileType = sourcecode.swift; path = AppDelegate.swift; sourceTree = "<group>"; };
		5654769A22E9B99D00AD1092 /* Base */ = {isa = PBXFileReference; lastKnownFileType = file.storyboard; name = Base; path = Base.lproj/Main.storyboard; sourceTree = "<group>"; };
		5654769F22E9B99E00AD1092 /* Assets.xcassets */ = {isa = PBXFileReference; lastKnownFileType = folder.assetcatalog; path = Assets.xcassets; sourceTree = "<group>"; };
		565476A222E9B99E00AD1092 /* Base */ = {isa = PBXFileReference; lastKnownFileType = file.storyboard; name = Base; path = Base.lproj/LaunchScreen.storyboard; sourceTree = "<group>"; };
		565476A422E9B99E00AD1092 /* Info.plist */ = {isa = PBXFileReference; lastKnownFileType = text.plist.xml; path = Info.plist; sourceTree = "<group>"; };
		565476AE22E9C42A00AD1092 /* FolderViewController.swift */ = {isa = PBXFileReference; lastKnownFileType = sourcecode.swift; path = FolderViewController.swift; sourceTree = "<group>"; };
		565476B022E9C59100AD1092 /* NotesViewController.swift */ = {isa = PBXFileReference; lastKnownFileType = sourcecode.swift; path = NotesViewController.swift; sourceTree = "<group>"; };
		569B4A6E22F1AB2700FF6454 /* Note.swift */ = {isa = PBXFileReference; lastKnownFileType = sourcecode.swift; path = Note.swift; sourceTree = "<group>"; };
		569B4A7222F1AB6600FF6454 /* Folder.swift */ = {isa = PBXFileReference; lastKnownFileType = sourcecode.swift; path = Folder.swift; sourceTree = "<group>"; };
		CEDDA45386E9A580936EB47D /* Pods_My_Notepad.framework */ = {isa = PBXFileReference; explicitFileType = wrapper.framework; includeInIndex = 0; path = Pods_My_Notepad.framework; sourceTree = BUILT_PRODUCTS_DIR; };
		ECB112FF4B558616B9CA36A1 /* Pods-My Notepad.debug.xcconfig */ = {isa = PBXFileReference; includeInIndex = 1; lastKnownFileType = text.xcconfig; name = "Pods-My Notepad.debug.xcconfig"; path = "Target Support Files/Pods-My Notepad/Pods-My Notepad.debug.xcconfig"; sourceTree = "<group>"; };
/* End PBXFileReference section */

/* Begin PBXFrameworksBuildPhase section */
		5654768F22E9B99D00AD1092 /* Frameworks */ = {
			isa = PBXFrameworksBuildPhase;
			buildActionMask = 2147483647;
			files = (
				0B0C0AB304EBF591D0396A8C /* Pods_My_Notepad.framework in Frameworks */,
			);
			runOnlyForDeploymentPostprocessing = 0;
		};
/* End PBXFrameworksBuildPhase section */

/* Begin PBXGroup section */
		5654768922E9B99D00AD1092 = {
			isa = PBXGroup;
			children = (
				5654769422E9B99D00AD1092 /* My Notepad */,
				5654769322E9B99D00AD1092 /* Products */,
				D5AAC1CBDB28DEAEE45C5F97 /* Pods */,
				C81AB341A389D6FFBBD5E0C1 /* Frameworks */,
			);
			sourceTree = "<group>";
		};
		5654769322E9B99D00AD1092 /* Products */ = {
			isa = PBXGroup;
			children = (
				5654769222E9B99D00AD1092 /* My Notepad.app */,
			);
			name = Products;
			sourceTree = "<group>";
		};
		5654769422E9B99D00AD1092 /* My Notepad */ = {
			isa = PBXGroup;
			children = (
				5654769522E9B99D00AD1092 /* AppDelegate.swift */,
				565476AA22E9BB2900AD1092 /* Controllers */,
				565476AB22E9BB6700AD1092 /* Data Model */,
				565476AC22E9BB8E00AD1092 /* Views */,
				565476AD22E9BBC200AD1092 /* Supporting Files */,
				565476A422E9B99E00AD1092 /* Info.plist */,
			);
			path = "My Notepad";
			sourceTree = "<group>";
		};
		565476AA22E9BB2900AD1092 /* Controllers */ = {
			isa = PBXGroup;
			children = (
				565476AE22E9C42A00AD1092 /* FolderViewController.swift */,
				565476B022E9C59100AD1092 /* NotesViewController.swift */,
			);
			name = Controllers;
			sourceTree = "<group>";
		};
		565476AB22E9BB6700AD1092 /* Data Model */ = {
			isa = PBXGroup;
			children = (
				569B4A7222F1AB6600FF6454 /* Folder.swift */,
				569B4A6E22F1AB2700FF6454 /* Note.swift */,
			);
			name = "Data Model";
			sourceTree = "<group>";
		};
		565476AC22E9BB8E00AD1092 /* Views */ = {
			isa = PBXGroup;
			children = (
				5654769922E9B99D00AD1092 /* Main.storyboard */,
			);
			name = Views;
			sourceTree = "<group>";
		};
		565476AD22E9BBC200AD1092 /* Supporting Files */ = {
			isa = PBXGroup;
			children = (
				5654769F22E9B99E00AD1092 /* Assets.xcassets */,
				565476A122E9B99E00AD1092 /* LaunchScreen.storyboard */,
			);
			name = "Supporting Files";
			sourceTree = "<group>";
		};
		C81AB341A389D6FFBBD5E0C1 /* Frameworks */ = {
			isa = PBXGroup;
			children = (
				CEDDA45386E9A580936EB47D /* Pods_My_Notepad.framework */,
			);
			name = Frameworks;
			sourceTree = "<group>";
		};
		D5AAC1CBDB28DEAEE45C5F97 /* Pods */ = {
			isa = PBXGroup;
			children = (
				ECB112FF4B558616B9CA36A1 /* Pods-My Notepad.debug.xcconfig */,
				1C6FCCBBCA31B54C00D95B3F /* Pods-My Notepad.release.xcconfig */,
			);
			path = Pods;
			sourceTree = "<group>";
		};
/* End PBXGroup section */

/* Begin PBXNativeTarget section */
		5654769122E9B99D00AD1092 /* My Notepad */ = {
			isa = PBXNativeTarget;
			buildConfigurationList = 565476A722E9B99E00AD1092 /* Build configuration list for PBXNativeTarget "My Notepad" */;
			buildPhases = (
				E75E3B9881CFB7EEF203D0D2 /* [CP] Check Pods Manifest.lock */,
				5654768E22E9B99D00AD1092 /* Sources */,
				5654768F22E9B99D00AD1092 /* Frameworks */,
				5654769022E9B99D00AD1092 /* Resources */,
				094F8CF53013A1C126F9C63C /* [CP] Embed Pods Frameworks */,
			);
			buildRules = (
			);
			dependencies = (
			);
			name = "My Notepad";
			productName = "My Notepad";
			productReference = 5654769222E9B99D00AD1092 /* My Notepad.app */;
			productType = "com.apple.product-type.application";
		};
/* End PBXNativeTarget section */

/* Begin PBXProject section */
		5654768A22E9B99D00AD1092 /* Project object */ = {
			isa = PBXProject;
			attributes = {
				LastSwiftUpdateCheck = 1020;
				LastUpgradeCheck = 1020;
				ORGANIZATIONNAME = "Destiny Sopha";
				TargetAttributes = {
					5654769122E9B99D00AD1092 = {
						CreatedOnToolsVersion = 10.2;
					};
				};
			};
			buildConfigurationList = 5654768D22E9B99D00AD1092 /* Build configuration list for PBXProject "My Notepad" */;
			compatibilityVersion = "Xcode 9.3";
			developmentRegion = en;
			hasScannedForEncodings = 0;
			knownRegions = (
				en,
				Base,
			);
			mainGroup = 5654768922E9B99D00AD1092;
			productRefGroup = 5654769322E9B99D00AD1092 /* Products */;
			projectDirPath = "";
			projectRoot = "";
			targets = (
				5654769122E9B99D00AD1092 /* My Notepad */,
			);
		};
/* End PBXProject section */

/* Begin PBXResourcesBuildPhase section */
		5654769022E9B99D00AD1092 /* Resources */ = {
			isa = PBXResourcesBuildPhase;
			buildActionMask = 2147483647;
			files = (
				565476A322E9B99E00AD1092 /* LaunchScreen.storyboard in Resources */,
				565476A022E9B99E00AD1092 /* Assets.xcassets in Resources */,
				5654769B22E9B99D00AD1092 /* Main.storyboard in Resources */,
			);
			runOnlyForDeploymentPostprocessing = 0;
		};
/* End PBXResourcesBuildPhase section */

/* Begin PBXShellScriptBuildPhase section */
		094F8CF53013A1C126F9C63C /* [CP] Embed Pods Frameworks */ = {
			isa = PBXShellScriptBuildPhase;
			buildActionMask = 2147483647;
			files = (
			);
			inputFileListPaths = (
				"${PODS_ROOT}/Target Support Files/Pods-My Notepad/Pods-My Notepad-frameworks-${CONFIGURATION}-input-files.xcfilelist",
			);
			name = "[CP] Embed Pods Frameworks";
			outputFileListPaths = (
				"${PODS_ROOT}/Target Support Files/Pods-My Notepad/Pods-My Notepad-frameworks-${CONFIGURATION}-output-files.xcfilelist",
			);
			runOnlyForDeploymentPostprocessing = 0;
			shellPath = /bin/sh;
			shellScript = "\"${PODS_ROOT}/Target Support Files/Pods-My Notepad/Pods-My Notepad-frameworks.sh\"\n";
			showEnvVarsInLog = 0;
		};
		E75E3B9881CFB7EEF203D0D2 /* [CP] Check Pods Manifest.lock */ = {
			isa = PBXShellScriptBuildPhase;
			buildActionMask = 2147483647;
			files = (
			);
			inputFileListPaths = (
			);
			inputPaths = (
				"${PODS_PODFILE_DIR_PATH}/Podfile.lock",
				"${PODS_ROOT}/Manifest.lock",
			);
			name = "[CP] Check Pods Manifest.lock";
			outputFileListPaths = (
			);
			outputPaths = (
				"$(DERIVED_FILE_DIR)/Pods-My Notepad-checkManifestLockResult.txt",
			);
			runOnlyForDeploymentPostprocessing = 0;
			shellPath = /bin/sh;
			shellScript = "diff \"${PODS_PODFILE_DIR_PATH}/Podfile.lock\" \"${PODS_ROOT}/Manifest.lock\" > /dev/null\nif [ $? != 0 ] ; then\n    # print error to STDERR\n    echo \"error: The sandbox is not in sync with the Podfile.lock. Run 'pod install' or update your CocoaPods installation.\" >&2\n    exit 1\nfi\n# This output is used by Xcode 'outputs' to avoid re-running this script phase.\necho \"SUCCESS\" > \"${SCRIPT_OUTPUT_FILE_0}\"\n";
			showEnvVarsInLog = 0;
		};
/* End PBXShellScriptBuildPhase section */

/* Begin PBXSourcesBuildPhase section */
		5654768E22E9B99D00AD1092 /* Sources */ = {
			isa = PBXSourcesBuildPhase;
			buildActionMask = 2147483647;
			files = (
				569B4A6F22F1AB2700FF6454 /* Note.swift in Sources */,
				565476B122E9C59100AD1092 /* NotesViewController.swift in Sources */,
				565476AF22E9C42A00AD1092 /* FolderViewController.swift in Sources */,
				5654769622E9B99D00AD1092 /* AppDelegate.swift in Sources */,
				569B4A7322F1AB6600FF6454 /* Folder.swift in Sources */,
			);
			runOnlyForDeploymentPostprocessing = 0;
		};
/* End PBXSourcesBuildPhase section */

/* Begin PBXVariantGroup section */
		5654769922E9B99D00AD1092 /* Main.storyboard */ = {
			isa = PBXVariantGroup;
			children = (
				5654769A22E9B99D00AD1092 /* Base */,
			);
			name = Main.storyboard;
			sourceTree = "<group>";
		};
		565476A122E9B99E00AD1092 /* LaunchScreen.storyboard */ = {
			isa = PBXVariantGroup;
			children = (
				565476A222E9B99E00AD1092 /* Base */,
			);
			name = LaunchScreen.storyboard;
			sourceTree = "<group>";
		};
/* End PBXVariantGroup section */

/* Begin XCBuildConfiguration section */
		565476A522E9B99E00AD1092 /* Debug */ = {
			isa = XCBuildConfiguration;
			buildSettings = {
				ALWAYS_SEARCH_USER_PATHS = NO;
				CLANG_ANALYZER_NONNULL = YES;
				CLANG_ANALYZER_NUMBER_OBJECT_CONVERSION = YES_AGGRESSIVE;
				CLANG_CXX_LANGUAGE_STANDARD = "gnu++14";
				CLANG_CXX_LIBRARY = "libc++";
				CLANG_ENABLE_MODULES = YES;
				CLANG_ENABLE_OBJC_ARC = YES;
				CLANG_ENABLE_OBJC_WEAK = YES;
				CLANG_WARN_BLOCK_CAPTURE_AUTORELEASING = YES;
				CLANG_WARN_BOOL_CONVERSION = YES;
				CLANG_WARN_COMMA = YES;
				CLANG_WARN_CONSTANT_CONVERSION = YES;
				CLANG_WARN_DEPRECATED_OBJC_IMPLEMENTATIONS = YES;
				CLANG_WARN_DIRECT_OBJC_ISA_USAGE = YES_ERROR;
				CLANG_WARN_DOCUMENTATION_COMMENTS = YES;
				CLANG_WARN_EMPTY_BODY = YES;
				CLANG_WARN_ENUM_CONVERSION = YES;
				CLANG_WARN_INFINITE_RECURSION = YES;
				CLANG_WARN_INT_CONVERSION = YES;
				CLANG_WARN_NON_LITERAL_NULL_CONVERSION = YES;
				CLANG_WARN_OBJC_IMPLICIT_RETAIN_SELF = YES;
				CLANG_WARN_OBJC_LITERAL_CONVERSION = YES;
				CLANG_WARN_OBJC_ROOT_CLASS = YES_ERROR;
				CLANG_WARN_RANGE_LOOP_ANALYSIS = YES;
				CLANG_WARN_STRICT_PROTOTYPES = YES;
				CLANG_WARN_SUSPICIOUS_MOVE = YES;
				CLANG_WARN_UNGUARDED_AVAILABILITY = YES_AGGRESSIVE;
				CLANG_WARN_UNREACHABLE_CODE = YES;
				CLANG_WARN__DUPLICATE_METHOD_MATCH = YES;
				CODE_SIGN_IDENTITY = "iPhone Developer";
				COPY_PHASE_STRIP = NO;
				DEBUG_INFORMATION_FORMAT = dwarf;
				ENABLE_STRICT_OBJC_MSGSEND = YES;
				ENABLE_TESTABILITY = YES;
				GCC_C_LANGUAGE_STANDARD = gnu11;
				GCC_DYNAMIC_NO_PIC = NO;
				GCC_NO_COMMON_BLOCKS = YES;
				GCC_OPTIMIZATION_LEVEL = 0;
				GCC_PREPROCESSOR_DEFINITIONS = (
					"DEBUG=1",
					"$(inherited)",
				);
				GCC_WARN_64_TO_32_BIT_CONVERSION = YES;
				GCC_WARN_ABOUT_RETURN_TYPE = YES_ERROR;
				GCC_WARN_UNDECLARED_SELECTOR = YES;
				GCC_WARN_UNINITIALIZED_AUTOS = YES_AGGRESSIVE;
				GCC_WARN_UNUSED_FUNCTION = YES;
				GCC_WARN_UNUSED_VARIABLE = YES;
				IPHONEOS_DEPLOYMENT_TARGET = 12.2;
				MTL_ENABLE_DEBUG_INFO = INCLUDE_SOURCE;
				MTL_FAST_MATH = YES;
				ONLY_ACTIVE_ARCH = YES;
				SDKROOT = iphoneos;
				SWIFT_ACTIVE_COMPILATION_CONDITIONS = DEBUG;
				SWIFT_OPTIMIZATION_LEVEL = "-Onone";
			};
			name = Debug;
		};
		565476A622E9B99E00AD1092 /* Release */ = {
			isa = XCBuildConfiguration;
			buildSettings = {
				ALWAYS_SEARCH_USER_PATHS = NO;
				CLANG_ANALYZER_NONNULL = YES;
				CLANG_ANALYZER_NUMBER_OBJECT_CONVERSION = YES_AGGRESSIVE;
				CLANG_CXX_LANGUAGE_STANDARD = "gnu++14";
				CLANG_CXX_LIBRARY = "libc++";
				CLANG_ENABLE_MODULES = YES;
				CLANG_ENABLE_OBJC_ARC = YES;
				CLANG_ENABLE_OBJC_WEAK = YES;
				CLANG_WARN_BLOCK_CAPTURE_AUTORELEASING = YES;
				CLANG_WARN_BOOL_CONVERSION = YES;
				CLANG_WARN_COMMA = YES;
				CLANG_WARN_CONSTANT_CONVERSION = YES;
				CLANG_WARN_DEPRECATED_OBJC_IMPLEMENTATIONS = YES;
				CLANG_WARN_DIRECT_OBJC_ISA_USAGE = YES_ERROR;
				CLANG_WARN_DOCUMENTATION_COMMENTS = YES;
				CLANG_WARN_EMPTY_BODY = YES;
				CLANG_WARN_ENUM_CONVERSION = YES;
				CLANG_WARN_INFINITE_RECURSION = YES;
				CLANG_WARN_INT_CONVERSION = YES;
				CLANG_WARN_NON_LITERAL_NULL_CONVERSION = YES;
				CLANG_WARN_OBJC_IMPLICIT_RETAIN_SELF = YES;
				CLANG_WARN_OBJC_LITERAL_CONVERSION = YES;
				CLANG_WARN_OBJC_ROOT_CLASS = YES_ERROR;
				CLANG_WARN_RANGE_LOOP_ANALYSIS = YES;
				CLANG_WARN_STRICT_PROTOTYPES = YES;
				CLANG_WARN_SUSPICIOUS_MOVE = YES;
				CLANG_WARN_UNGUARDED_AVAILABILITY = YES_AGGRESSIVE;
				CLANG_WARN_UNREACHABLE_CODE = YES;
				CLANG_WARN__DUPLICATE_METHOD_MATCH = YES;
				CODE_SIGN_IDENTITY = "iPhone Developer";
				COPY_PHASE_STRIP = NO;
				DEBUG_INFORMATION_FORMAT = "dwarf-with-dsym";
				ENABLE_NS_ASSERTIONS = NO;
				ENABLE_STRICT_OBJC_MSGSEND = YES;
				GCC_C_LANGUAGE_STANDARD = gnu11;
				GCC_NO_COMMON_BLOCKS = YES;
				GCC_WARN_64_TO_32_BIT_CONVERSION = YES;
				GCC_WARN_ABOUT_RETURN_TYPE = YES_ERROR;
				GCC_WARN_UNDECLARED_SELECTOR = YES;
				GCC_WARN_UNINITIALIZED_AUTOS = YES_AGGRESSIVE;
				GCC_WARN_UNUSED_FUNCTION = YES;
				GCC_WARN_UNUSED_VARIABLE = YES;
				IPHONEOS_DEPLOYMENT_TARGET = 12.2;
				MTL_ENABLE_DEBUG_INFO = NO;
				MTL_FAST_MATH = YES;
				SDKROOT = iphoneos;
				SWIFT_COMPILATION_MODE = wholemodule;
				SWIFT_OPTIMIZATION_LEVEL = "-O";
				VALIDATE_PRODUCT = YES;
			};
			name = Release;
		};
		565476A822E9B99E00AD1092 /* Debug */ = {
			isa = XCBuildConfiguration;
			baseConfigurationReference = ECB112FF4B558616B9CA36A1 /* Pods-My Notepad.debug.xcconfig */;
			buildSettings = {
				ASSETCATALOG_COMPILER_APPICON_NAME = AppIcon;
				CODE_SIGN_STYLE = Automatic;
				DEVELOPMENT_TEAM = VXZXPDCY5G;
				INFOPLIST_FILE = "My Notepad/Info.plist";
				LD_RUNPATH_SEARCH_PATHS = (
					"$(inherited)",
					"@executable_path/Frameworks",
				);
				PRODUCT_BUNDLE_IDENTIFIER = "com.OverTheMoonApps.My-Notepad";
				PRODUCT_NAME = "$(TARGET_NAME)";
				SWIFT_VERSION = 5.0;
				TARGETED_DEVICE_FAMILY = "1,2";
			};
			name = Debug;
		};
		565476A922E9B99E00AD1092 /* Release */ = {
			isa = XCBuildConfiguration;
			baseConfigurationReference = 1C6FCCBBCA31B54C00D95B3F /* Pods-My Notepad.release.xcconfig */;
			buildSettings = {
				ASSETCATALOG_COMPILER_APPICON_NAME = AppIcon;
				CODE_SIGN_STYLE = Automatic;
				DEVELOPMENT_TEAM = VXZXPDCY5G;
				INFOPLIST_FILE = "My Notepad/Info.plist";
				LD_RUNPATH_SEARCH_PATHS = (
					"$(inherited)",
					"@executable_path/Frameworks",
				);
				PRODUCT_BUNDLE_IDENTIFIER = "com.OverTheMoonApps.My-Notepad";
				PRODUCT_NAME = "$(TARGET_NAME)";
				SWIFT_VERSION = 5.0;
				TARGETED_DEVICE_FAMILY = "1,2";
			};
			name = Release;
		};
/* End XCBuildConfiguration section */

/* Begin XCConfigurationList section */
		5654768D22E9B99D00AD1092 /* Build configuration list for PBXProject "My Notepad" */ = {
			isa = XCConfigurationList;
			buildConfigurations = (
				565476A522E9B99E00AD1092 /* Debug */,
				565476A622E9B99E00AD1092 /* Release */,
			);
			defaultConfigurationIsVisible = 0;
			defaultConfigurationName = Release;
		};
		565476A722E9B99E00AD1092 /* Build configuration list for PBXNativeTarget "My Notepad" */ = {
			isa = XCConfigurationList;
			buildConfigurations = (
				565476A822E9B99E00AD1092 /* Debug */,
				565476A922E9B99E00AD1092 /* Release */,
			);
			defaultConfigurationIsVisible = 0;
			defaultConfigurationName = Release;
		};
/* End XCConfigurationList section */
	};
	rootObject = 5654768A22E9B99D00AD1092 /* Project object */;
}
